# THIS IS AN AUTOGENERATED FILE. DO NOT EDIT THIS FILE DIRECTLY.
# yarn lockfile v1


"@types/node@^17.0.15":
  version "17.0.15"
  resolved "https://registry.yarnpkg.com/@types/node/-/node-17.0.15.tgz#97779282c09c09577120a2162e71d8380003590a"
  integrity sha512-zWt4SDDv1S9WRBNxLFxFRHxdD9tvH8f5/kg5/IaLFdnSNXsDY4eL3Q3XXN+VxUnWIhyVFDwcsmAprvwXoM/ClA==

esbuild@^0.11.0:
  version "0.11.23"
  resolved "https://registry.yarnpkg.com/esbuild/-/esbuild-0.11.23.tgz#c42534f632e165120671d64db67883634333b4b8"
  integrity sha512-iaiZZ9vUF5wJV8ob1tl+5aJTrwDczlvGP0JoMmnpC2B0ppiMCu8n8gmy5ZTGl5bcG081XBVn+U+jP+mPFm5T5Q==

estrella@^1.4.1:
  version "1.4.1"
  resolved "https://registry.yarnpkg.com/estrella/-/estrella-1.4.1.tgz#6971a710a91d38abe3ced6f6ffa68c0c6e08d369"
  integrity sha512-h8vlec27CFxw+8uYFtgbvLvohx0v+IssCwb/haTQnI+kO2WaL0ApSTWxg49LneAtqrZkrnYVwXQB2ZgyIIAImw==
  dependencies:
    esbuild "^0.11.0"
  optionalDependencies:
    fsevents "~2.3.1"

fsevents@~2.3.1:
  version "2.3.2"
  resolved "https://registry.yarnpkg.com/fsevents/-/fsevents-2.3.2.tgz#8a526f78b8fdf4623b709e0b975c52c24c02fd1a"
  integrity sha512-xiqMQR4xAeHTuB9uWm+fFRcIOgKBMiOBP+eXiyT7jsgVCq1bkVygt00oASowB7EdtpOHaaPgKt812P9ab+DDKA==

typescript@^4.5.5:
  version "4.5.5"
  resolved "https://registry.yarnpkg.com/typescript/-/typescript-4.5.5.tgz#d8c953832d28924a9e3d37c73d729c846c5896f3"
  integrity sha512-TCTIul70LyWe6IJWT8QSYeA54WQe8EjQFU4wY52Fasj5UKx88LNYKCgBEHcOMOrFF1rKGbD8v/xcNWVUq9SymA==
